// !$*UTF8*$!
{
	archiveVersion = 1;
	classes = {
	};
	objectVersion = 54;
	objects = {

/* Begin PBXBuildFile section */
		608F0A0D2850F112002596EF /* Employee.swift in Sources */ = {isa = PBXBuildFile; fileRef = 608F0A0C2850F112002596EF /* Employee.swift */; };
		608F0A122850F12C002596EF /* Department.swift in Sources */ = {isa = PBXBuildFile; fileRef = 608F0A112850F12C002596EF /* Department.swift */; };
		608F0A252850F8B8002596EF /* EmployeeListVCRootView.swift in Sources */ = {isa = PBXBuildFile; fileRef = 608F0A242850F8B8002596EF /* EmployeeListVCRootView.swift */; };
		608F0A2A2850FAF1002596EF /* BaseView.swift in Sources */ = {isa = PBXBuildFile; fileRef = 608F0A292850FAF1002596EF /* BaseView.swift */; };
		608F0A2F2850FB92002596EF /* BaseViewController.swift in Sources */ = {isa = PBXBuildFile; fileRef = 608F0A2E2850FB92002596EF /* BaseViewController.swift */; };
		786DE759B10D47D3975F2260 /* Pods_NoStoryboard.framework in Frameworks */ = {isa = PBXBuildFile; fileRef = 82759A7562C9570A78469F28 /* Pods_NoStoryboard.framework */; };
		A32EEFD3285FB91000B4906E /* R.generated.swift in Sources */ = {isa = PBXBuildFile; fileRef = A32EEFD2285FB91000B4906E /* R.generated.swift */; };
		A32EEFD82860CD9700B4906E /* NetworkMonitor.swift in Sources */ = {isa = PBXBuildFile; fileRef = A32EEFD72860CD9700B4906E /* NetworkMonitor.swift */; };
		A32EEFDA2860E32B00B4906E /* LostInternetConnectionView.swift in Sources */ = {isa = PBXBuildFile; fileRef = A32EEFD92860E32B00B4906E /* LostInternetConnectionView.swift */; };
		A379511A287454E300DD9D49 /* HeaderSectionView.swift in Sources */ = {isa = PBXBuildFile; fileRef = A3795119287454E300DD9D49 /* HeaderSectionView.swift */; };
		A37B16D22838F8E10029C602 /* AppDelegate.swift in Sources */ = {isa = PBXBuildFile; fileRef = A37B16D12838F8E10029C602 /* AppDelegate.swift */; };
		A37B16DC2838F8E10029C602 /* NoStoryboard.xcdatamodeld in Sources */ = {isa = PBXBuildFile; fileRef = A37B16DA2838F8E10029C602 /* NoStoryboard.xcdatamodeld */; };
		A37B16DE2838F8E10029C602 /* Assets.xcassets in Resources */ = {isa = PBXBuildFile; fileRef = A37B16DD2838F8E10029C602 /* Assets.xcassets */; };
		A37B16E12838F8E10029C602 /* LaunchScreen.storyboard in Resources */ = {isa = PBXBuildFile; fileRef = A37B16DF2838F8E10029C602 /* LaunchScreen.storyboard */; };
		A37B16EC2838F8E20029C602 /* NoStoryboardTests.swift in Sources */ = {isa = PBXBuildFile; fileRef = A37B16EB2838F8E20029C602 /* NoStoryboardTests.swift */; };
		A37B16F62838F8E20029C602 /* NoStoryboardUITests.swift in Sources */ = {isa = PBXBuildFile; fileRef = A37B16F52838F8E20029C602 /* NoStoryboardUITests.swift */; };
		A37B16F82838F8E20029C602 /* NoStoryboardUITestsLaunchTests.swift in Sources */ = {isa = PBXBuildFile; fileRef = A37B16F72838F8E20029C602 /* NoStoryboardUITestsLaunchTests.swift */; };
		A37B170A28390FB70029C602 /* EmployeeListVC.swift in Sources */ = {isa = PBXBuildFile; fileRef = A37B170928390FB70029C602 /* EmployeeListVC.swift */; };
		A37B170F283A78C50029C602 /* EmployeeTableViewCell.swift in Sources */ = {isa = PBXBuildFile; fileRef = A37B170E283A78C50029C602 /* EmployeeTableViewCell.swift */; };
		A39CC1FC285F0BA700B86502 /* Localizable.strings in Resources */ = {isa = PBXBuildFile; fileRef = A39CC1FE285F0BA700B86502 /* Localizable.strings */; };
		A39E84C3283D0FB200961CF5 /* ApiProvider.swift in Sources */ = {isa = PBXBuildFile; fileRef = A39E84C2283D0FB200961CF5 /* ApiProvider.swift */; };
		A3C2A81B2863288900DDB1C3 /* SortingViewController.swift in Sources */ = {isa = PBXBuildFile; fileRef = A3C2A81A2863288900DDB1C3 /* SortingViewController.swift */; };
		A3C2A81D286329A800DDB1C3 /* BottomSheetSortingView.swift in Sources */ = {isa = PBXBuildFile; fileRef = A3C2A81C286329A800DDB1C3 /* BottomSheetSortingView.swift */; };
		A3ECD6EE285BD1D100DE450F /* DetailsVC.swift in Sources */ = {isa = PBXBuildFile; fileRef = A3ECD6E7285BD09F00DE450F /* DetailsVC.swift */; };
		A3ECD6EF285BD1D500DE450F /* ProfileView.swift in Sources */ = {isa = PBXBuildFile; fileRef = A3ECD6E9285BD09F00DE450F /* ProfileView.swift */; };
		A3ECD6F0285BD1D700DE450F /* BirthViewCell.swift in Sources */ = {isa = PBXBuildFile; fileRef = A3ECD6EB285BD09F00DE450F /* BirthViewCell.swift */; };
		A3ECD6F1285BD1DA00DE450F /* PhoneViewCell.swift in Sources */ = {isa = PBXBuildFile; fileRef = A3ECD6EA285BD09F00DE450F /* PhoneViewCell.swift */; };
		A3ECD6F3285BD21300DE450F /* ImageResizer.swift in Sources */ = {isa = PBXBuildFile; fileRef = A3ECD6F2285BD21300DE450F /* ImageResizer.swift */; };
		A3F5B2DD285E81D100E07952 /* YearsDict.stringsdict in Resources */ = {isa = PBXBuildFile; fileRef = A3F5B2DF285E81D100E07952 /* YearsDict.stringsdict */; };
		A3F9FEF7284CC4DA00090A65 /* TopTabsCollectionViewCell.swift in Sources */ = {isa = PBXBuildFile; fileRef = A3F9FEF6284CC4DA00090A65 /* TopTabsCollectionViewCell.swift */; };
		A3F9FEF9284CC56300090A65 /* SearchTextField.swift in Sources */ = {isa = PBXBuildFile; fileRef = A3F9FEF8284CC56300090A65 /* SearchTextField.swift */; };
/* End PBXBuildFile section */

/* Begin PBXContainerItemProxy section */
		A37B16E82838F8E20029C602 /* PBXContainerItemProxy */ = {
			isa = PBXContainerItemProxy;
			containerPortal = A37B16C62838F8E10029C602 /* Project object */;
			proxyType = 1;
			remoteGlobalIDString = A37B16CD2838F8E10029C602;
			remoteInfo = NoStoryboard;
		};
		A37B16F22838F8E20029C602 /* PBXContainerItemProxy */ = {
			isa = PBXContainerItemProxy;
			containerPortal = A37B16C62838F8E10029C602 /* Project object */;
			proxyType = 1;
			remoteGlobalIDString = A37B16CD2838F8E10029C602;
			remoteInfo = NoStoryboard;
		};
/* End PBXContainerItemProxy section */

/* Begin PBXFileReference section */
		38834204954DA6162A699A37 /* Pods-NoStoryboard.release.xcconfig */ = {isa = PBXFileReference; includeInIndex = 1; lastKnownFileType = text.xcconfig; name = "Pods-NoStoryboard.release.xcconfig"; path = "Target Support Files/Pods-NoStoryboard/Pods-NoStoryboard.release.xcconfig"; sourceTree = "<group>"; };
		608F0A0C2850F112002596EF /* Employee.swift */ = {isa = PBXFileReference; lastKnownFileType = sourcecode.swift; path = Employee.swift; sourceTree = "<group>"; };
		608F0A112850F12C002596EF /* Department.swift */ = {isa = PBXFileReference; lastKnownFileType = sourcecode.swift; path = Department.swift; sourceTree = "<group>"; };
		608F0A242850F8B8002596EF /* EmployeeListVCRootView.swift */ = {isa = PBXFileReference; lastKnownFileType = sourcecode.swift; name = EmployeeListVCRootView.swift; path = ../Controllers/EmployeeListVCRootView.swift; sourceTree = "<group>"; };
		608F0A292850FAF1002596EF /* BaseView.swift */ = {isa = PBXFileReference; lastKnownFileType = sourcecode.swift; path = BaseView.swift; sourceTree = "<group>"; };
		608F0A2E2850FB92002596EF /* BaseViewController.swift */ = {isa = PBXFileReference; lastKnownFileType = sourcecode.swift; path = BaseViewController.swift; sourceTree = "<group>"; };
		82759A7562C9570A78469F28 /* Pods_NoStoryboard.framework */ = {isa = PBXFileReference; explicitFileType = wrapper.framework; includeInIndex = 0; path = Pods_NoStoryboard.framework; sourceTree = BUILT_PRODUCTS_DIR; };
		8F47A389F7A4F8AD94977CB5 /* Pods-NoStoryboard.debug.xcconfig */ = {isa = PBXFileReference; includeInIndex = 1; lastKnownFileType = text.xcconfig; name = "Pods-NoStoryboard.debug.xcconfig"; path = "Target Support Files/Pods-NoStoryboard/Pods-NoStoryboard.debug.xcconfig"; sourceTree = "<group>"; };
		A32EEFD2285FB91000B4906E /* R.generated.swift */ = {isa = PBXFileReference; fileEncoding = 4; lastKnownFileType = sourcecode.swift; path = R.generated.swift; sourceTree = SOURCE_ROOT; };
		A32EEFD4285FBE2B00B4906E /* ru */ = {isa = PBXFileReference; lastKnownFileType = text.plist.strings; name = ru; path = ru.lproj/LaunchScreen.strings; sourceTree = "<group>"; };
		A32EEFD5285FBE4600B4906E /* ru */ = {isa = PBXFileReference; lastKnownFileType = text.plist.stringsdict; name = ru; path = ru.lproj/YearsDict.stringsdict; sourceTree = "<group>"; };
		A32EEFD6285FBE5F00B4906E /* ru */ = {isa = PBXFileReference; lastKnownFileType = file.storyboard; name = ru; path = ru.lproj/LaunchScreen.storyboard; sourceTree = "<group>"; };
		A32EEFD72860CD9700B4906E /* NetworkMonitor.swift */ = {isa = PBXFileReference; lastKnownFileType = sourcecode.swift; path = NetworkMonitor.swift; sourceTree = "<group>"; };
		A32EEFD92860E32B00B4906E /* LostInternetConnectionView.swift */ = {isa = PBXFileReference; lastKnownFileType = sourcecode.swift; path = LostInternetConnectionView.swift; sourceTree = "<group>"; };
		A3795119287454E300DD9D49 /* HeaderSectionView.swift */ = {isa = PBXFileReference; lastKnownFileType = sourcecode.swift; path = HeaderSectionView.swift; sourceTree = "<group>"; };
		A37B16CE2838F8E10029C602 /* NoStoryboard.app */ = {isa = PBXFileReference; explicitFileType = wrapper.application; includeInIndex = 0; path = NoStoryboard.app; sourceTree = BUILT_PRODUCTS_DIR; };
		A37B16D12838F8E10029C602 /* AppDelegate.swift */ = {isa = PBXFileReference; lastKnownFileType = sourcecode.swift; path = AppDelegate.swift; sourceTree = "<group>"; };
		A37B16DB2838F8E10029C602 /* NoStoryboard.xcdatamodel */ = {isa = PBXFileReference; lastKnownFileType = wrapper.xcdatamodel; path = NoStoryboard.xcdatamodel; sourceTree = "<group>"; };
		A37B16DD2838F8E10029C602 /* Assets.xcassets */ = {isa = PBXFileReference; lastKnownFileType = folder.assetcatalog; path = Assets.xcassets; sourceTree = "<group>"; };
		A37B16E22838F8E10029C602 /* Info.plist */ = {isa = PBXFileReference; lastKnownFileType = text.plist.xml; path = Info.plist; sourceTree = "<group>"; };
		A37B16E72838F8E20029C602 /* NoStoryboardTests.xctest */ = {isa = PBXFileReference; explicitFileType = wrapper.cfbundle; includeInIndex = 0; path = NoStoryboardTests.xctest; sourceTree = BUILT_PRODUCTS_DIR; };
		A37B16EB2838F8E20029C602 /* NoStoryboardTests.swift */ = {isa = PBXFileReference; lastKnownFileType = sourcecode.swift; path = NoStoryboardTests.swift; sourceTree = "<group>"; };
		A37B16F12838F8E20029C602 /* NoStoryboardUITests.xctest */ = {isa = PBXFileReference; explicitFileType = wrapper.cfbundle; includeInIndex = 0; path = NoStoryboardUITests.xctest; sourceTree = BUILT_PRODUCTS_DIR; };
		A37B16F52838F8E20029C602 /* NoStoryboardUITests.swift */ = {isa = PBXFileReference; lastKnownFileType = sourcecode.swift; path = NoStoryboardUITests.swift; sourceTree = "<group>"; };
		A37B16F72838F8E20029C602 /* NoStoryboardUITestsLaunchTests.swift */ = {isa = PBXFileReference; lastKnownFileType = sourcecode.swift; path = NoStoryboardUITestsLaunchTests.swift; sourceTree = "<group>"; };
		A37B170928390FB70029C602 /* EmployeeListVC.swift */ = {isa = PBXFileReference; lastKnownFileType = sourcecode.swift; path = EmployeeListVC.swift; sourceTree = "<group>"; usesTabs = 0; };
		A37B170E283A78C50029C602 /* EmployeeTableViewCell.swift */ = {isa = PBXFileReference; lastKnownFileType = sourcecode.swift; path = EmployeeTableViewCell.swift; sourceTree = "<group>"; };
		A39CC1FD285F0BA700B86502 /* en */ = {isa = PBXFileReference; lastKnownFileType = text.plist.strings; name = en; path = en.lproj/Localizable.strings; sourceTree = "<group>"; };
		A39E84C2283D0FB200961CF5 /* ApiProvider.swift */ = {isa = PBXFileReference; lastKnownFileType = sourcecode.swift; path = ApiProvider.swift; sourceTree = "<group>"; };
		A3C2A81A2863288900DDB1C3 /* SortingViewController.swift */ = {isa = PBXFileReference; lastKnownFileType = sourcecode.swift; path = SortingViewController.swift; sourceTree = "<group>"; };
		A3C2A81C286329A800DDB1C3 /* BottomSheetSortingView.swift */ = {isa = PBXFileReference; lastKnownFileType = sourcecode.swift; path = BottomSheetSortingView.swift; sourceTree = "<group>"; };
		A3ECD6E7285BD09F00DE450F /* DetailsVC.swift */ = {isa = PBXFileReference; lastKnownFileType = sourcecode.swift; path = DetailsVC.swift; sourceTree = "<group>"; };
		A3ECD6E9285BD09F00DE450F /* ProfileView.swift */ = {isa = PBXFileReference; lastKnownFileType = sourcecode.swift; path = ProfileView.swift; sourceTree = "<group>"; };
		A3ECD6EA285BD09F00DE450F /* PhoneViewCell.swift */ = {isa = PBXFileReference; lastKnownFileType = sourcecode.swift; path = PhoneViewCell.swift; sourceTree = "<group>"; };
		A3ECD6EB285BD09F00DE450F /* BirthViewCell.swift */ = {isa = PBXFileReference; lastKnownFileType = sourcecode.swift; path = BirthViewCell.swift; sourceTree = "<group>"; };
		A3ECD6F2285BD21300DE450F /* ImageResizer.swift */ = {isa = PBXFileReference; lastKnownFileType = sourcecode.swift; path = ImageResizer.swift; sourceTree = "<group>"; };
		A3F5B2E2285E83D000E07952 /* en */ = {isa = PBXFileReference; lastKnownFileType = text.plist.stringsdict; name = en; path = en.lproj/YearsDict.stringsdict; sourceTree = "<group>"; };
		A3F9FEF6284CC4DA00090A65 /* TopTabsCollectionViewCell.swift */ = {isa = PBXFileReference; lastKnownFileType = sourcecode.swift; path = TopTabsCollectionViewCell.swift; sourceTree = "<group>"; };
		A3F9FEF8284CC56300090A65 /* SearchTextField.swift */ = {isa = PBXFileReference; lastKnownFileType = sourcecode.swift; path = SearchTextField.swift; sourceTree = "<group>"; };
/* End PBXFileReference section */

/* Begin PBXFrameworksBuildPhase section */
		A37B16CB2838F8E10029C602 /* Frameworks */ = {
			isa = PBXFrameworksBuildPhase;
			buildActionMask = 2147483647;
			files = (
				786DE759B10D47D3975F2260 /* Pods_NoStoryboard.framework in Frameworks */,
			);
			runOnlyForDeploymentPostprocessing = 0;
		};
		A37B16E42838F8E20029C602 /* Frameworks */ = {
			isa = PBXFrameworksBuildPhase;
			buildActionMask = 2147483647;
			files = (
			);
			runOnlyForDeploymentPostprocessing = 0;
		};
		A37B16EE2838F8E20029C602 /* Frameworks */ = {
			isa = PBXFrameworksBuildPhase;
			buildActionMask = 2147483647;
			files = (
			);
			runOnlyForDeploymentPostprocessing = 0;
		};
/* End PBXFrameworksBuildPhase section */

/* Begin PBXGroup section */
		055B75820F964597E7E12429 /* Pods */ = {
			isa = PBXGroup;
			children = (
				8F47A389F7A4F8AD94977CB5 /* Pods-NoStoryboard.debug.xcconfig */,
				38834204954DA6162A699A37 /* Pods-NoStoryboard.release.xcconfig */,
			);
			path = Pods;
			sourceTree = "<group>";
		};
		608F0A0A2850F0FC002596EF /* API */ = {
			isa = PBXGroup;
			children = (
				A39E84C2283D0FB200961CF5 /* ApiProvider.swift */,
				A32EEFD72860CD9700B4906E /* NetworkMonitor.swift */,
				608F0A0B2850F104002596EF /* DTO */,
			);
			path = API;
			sourceTree = "<group>";
		};
		608F0A0B2850F104002596EF /* DTO */ = {
			isa = PBXGroup;
			children = (
				608F0A0C2850F112002596EF /* Employee.swift */,
				608F0A112850F12C002596EF /* Department.swift */,
			);
			path = DTO;
			sourceTree = "<group>";
		};
		A37B16C52838F8E10029C602 = {
			isa = PBXGroup;
			children = (
				A37B16D02838F8E10029C602 /* NoStoryboard */,
				A37B16EA2838F8E20029C602 /* NoStoryboardTests */,
				A37B16F42838F8E20029C602 /* NoStoryboardUITests */,
				A37B16CF2838F8E10029C602 /* Products */,
				055B75820F964597E7E12429 /* Pods */,
				CEF80607F59E575E87929F0A /* Frameworks */,
			);
			sourceTree = "<group>";
		};
		A37B16CF2838F8E10029C602 /* Products */ = {
			isa = PBXGroup;
			children = (
				A37B16CE2838F8E10029C602 /* NoStoryboard.app */,
				A37B16E72838F8E20029C602 /* NoStoryboardTests.xctest */,
				A37B16F12838F8E20029C602 /* NoStoryboardUITests.xctest */,
			);
			name = Products;
			sourceTree = "<group>";
		};
		A37B16D02838F8E10029C602 /* NoStoryboard */ = {
			isa = PBXGroup;
			children = (
				608F0A0A2850F0FC002596EF /* API */,
				A3ECD6E5285BD09F00DE450F /* ProfileScreen */,
				A37B1712283C1FBD0029C602 /* MainScreen */,
				A37B170828390F340029C602 /* Supporting */,
				A37B16DF2838F8E10029C602 /* LaunchScreen.storyboard */,
				A37B16E22838F8E10029C602 /* Info.plist */,
				A37B16DA2838F8E10029C602 /* NoStoryboard.xcdatamodeld */,
			);
			path = NoStoryboard;
			sourceTree = "<group>";
		};
		A37B16EA2838F8E20029C602 /* NoStoryboardTests */ = {
			isa = PBXGroup;
			children = (
				A37B16EB2838F8E20029C602 /* NoStoryboardTests.swift */,
			);
			path = NoStoryboardTests;
			sourceTree = "<group>";
		};
		A37B16F42838F8E20029C602 /* NoStoryboardUITests */ = {
			isa = PBXGroup;
			children = (
				A37B16F52838F8E20029C602 /* NoStoryboardUITests.swift */,
				A37B16F72838F8E20029C602 /* NoStoryboardUITestsLaunchTests.swift */,
			);
			path = NoStoryboardUITests;
			sourceTree = "<group>";
		};
		A37B170828390F340029C602 /* Supporting */ = {
			isa = PBXGroup;
			children = (
				A32EEFD2285FB91000B4906E /* R.generated.swift */,
				A37B16DD2838F8E10029C602 /* Assets.xcassets */,
				A37B16D12838F8E10029C602 /* AppDelegate.swift */,
				608F0A292850FAF1002596EF /* BaseView.swift */,
				608F0A2E2850FB92002596EF /* BaseViewController.swift */,
				A3ECD6F2285BD21300DE450F /* ImageResizer.swift */,
				A3F5B2DF285E81D100E07952 /* YearsDict.stringsdict */,
				A39CC1FE285F0BA700B86502 /* Localizable.strings */,
			);
			path = Supporting;
			sourceTree = "<group>";
		};
		A37B1712283C1FBD0029C602 /* MainScreen */ = {
			isa = PBXGroup;
			children = (
				A37B1715283C20A60029C602 /* Controllers */,
				A37B1713283C20970029C602 /* Views */,
			);
			path = MainScreen;
			sourceTree = "<group>";
		};
		A37B1713283C20970029C602 /* Views */ = {
			isa = PBXGroup;
			children = (
				608F0A242850F8B8002596EF /* EmployeeListVCRootView.swift */,
				A37B170E283A78C50029C602 /* EmployeeTableViewCell.swift */,
				A3F9FEF6284CC4DA00090A65 /* TopTabsCollectionViewCell.swift */,
				A3F9FEF8284CC56300090A65 /* SearchTextField.swift */,
				A32EEFD92860E32B00B4906E /* LostInternetConnectionView.swift */,
				A3C2A81C286329A800DDB1C3 /* BottomSheetSortingView.swift */,
				A3795119287454E300DD9D49 /* HeaderSectionView.swift */,
			);
			path = Views;
			sourceTree = "<group>";
		};
		A37B1715283C20A60029C602 /* Controllers */ = {
			isa = PBXGroup;
			children = (
				A37B170928390FB70029C602 /* EmployeeListVC.swift */,
				A3C2A81A2863288900DDB1C3 /* SortingViewController.swift */,
			);
			path = Controllers;
			sourceTree = "<group>";
		};
		A3ECD6E5285BD09F00DE450F /* ProfileScreen */ = {
			isa = PBXGroup;
			children = (
				A3ECD6E6285BD09F00DE450F /* Controllers */,
				A3ECD6E8285BD09F00DE450F /* Views */,
			);
			path = ProfileScreen;
			sourceTree = "<group>";
		};
		A3ECD6E6285BD09F00DE450F /* Controllers */ = {
			isa = PBXGroup;
			children = (
				A3ECD6E7285BD09F00DE450F /* DetailsVC.swift */,
			);
			path = Controllers;
			sourceTree = "<group>";
		};
		A3ECD6E8285BD09F00DE450F /* Views */ = {
			isa = PBXGroup;
			children = (
				A3ECD6E9285BD09F00DE450F /* ProfileView.swift */,
				A3ECD6EA285BD09F00DE450F /* PhoneViewCell.swift */,
				A3ECD6EB285BD09F00DE450F /* BirthViewCell.swift */,
			);
			path = Views;
			sourceTree = "<group>";
		};
		CEF80607F59E575E87929F0A /* Frameworks */ = {
			isa = PBXGroup;
			children = (
				82759A7562C9570A78469F28 /* Pods_NoStoryboard.framework */,
			);
			name = Frameworks;
			sourceTree = "<group>";
		};
/* End PBXGroup section */

/* Begin PBXNativeTarget section */
		A37B16CD2838F8E10029C602 /* NoStoryboard */ = {
			isa = PBXNativeTarget;
			buildConfigurationList = A37B16FB2838F8E20029C602 /* Build configuration list for PBXNativeTarget "NoStoryboard" */;
			buildPhases = (
				BEF4829ECB098C8AE7EF8E36 /* [CP] Check Pods Manifest.lock */,
				A32EEFD1285FB62D00B4906E /* RSwift */,
				A37B16CA2838F8E10029C602 /* Sources */,
				A37B16CB2838F8E10029C602 /* Frameworks */,
				A37B16CC2838F8E10029C602 /* Resources */,
				3E9068DF094E54F5A835F39A /* [CP] Embed Pods Frameworks */,
			);
			buildRules = (
			);
			dependencies = (
			);
			name = NoStoryboard;
			productName = NoStoryboard;
			productReference = A37B16CE2838F8E10029C602 /* NoStoryboard.app */;
			productType = "com.apple.product-type.application";
		};
		A37B16E62838F8E20029C602 /* NoStoryboardTests */ = {
			isa = PBXNativeTarget;
			buildConfigurationList = A37B16FE2838F8E20029C602 /* Build configuration list for PBXNativeTarget "NoStoryboardTests" */;
			buildPhases = (
				A37B16E32838F8E20029C602 /* Sources */,
				A37B16E42838F8E20029C602 /* Frameworks */,
				A37B16E52838F8E20029C602 /* Resources */,
			);
			buildRules = (
			);
			dependencies = (
				A37B16E92838F8E20029C602 /* PBXTargetDependency */,
			);
			name = NoStoryboardTests;
			productName = NoStoryboardTests;
			productReference = A37B16E72838F8E20029C602 /* NoStoryboardTests.xctest */;
			productType = "com.apple.product-type.bundle.unit-test";
		};
		A37B16F02838F8E20029C602 /* NoStoryboardUITests */ = {
			isa = PBXNativeTarget;
			buildConfigurationList = A37B17012838F8E20029C602 /* Build configuration list for PBXNativeTarget "NoStoryboardUITests" */;
			buildPhases = (
				A37B16ED2838F8E20029C602 /* Sources */,
				A37B16EE2838F8E20029C602 /* Frameworks */,
				A37B16EF2838F8E20029C602 /* Resources */,
			);
			buildRules = (
			);
			dependencies = (
				A37B16F32838F8E20029C602 /* PBXTargetDependency */,
			);
			name = NoStoryboardUITests;
			productName = NoStoryboardUITests;
			productReference = A37B16F12838F8E20029C602 /* NoStoryboardUITests.xctest */;
			productType = "com.apple.product-type.bundle.ui-testing";
		};
/* End PBXNativeTarget section */

/* Begin PBXProject section */
		A37B16C62838F8E10029C602 /* Project object */ = {
			isa = PBXProject;
			attributes = {
				BuildIndependentTargetsInParallel = 1;
				LastSwiftUpdateCheck = 1340;
				LastUpgradeCheck = 1340;
				TargetAttributes = {
					A37B16CD2838F8E10029C602 = {
						CreatedOnToolsVersion = 13.4;
					};
					A37B16E62838F8E20029C602 = {
						CreatedOnToolsVersion = 13.4;
						TestTargetID = A37B16CD2838F8E10029C602;
					};
					A37B16F02838F8E20029C602 = {
						CreatedOnToolsVersion = 13.4;
						TestTargetID = A37B16CD2838F8E10029C602;
					};
				};
			};
			buildConfigurationList = A37B16C92838F8E10029C602 /* Build configuration list for PBXProject "NoStoryboard" */;
			compatibilityVersion = "Xcode 11.0";
			developmentRegion = en;
			hasScannedForEncodings = 0;
			knownRegions = (
				en,
				ru,
			);
			mainGroup = A37B16C52838F8E10029C602;
			productRefGroup = A37B16CF2838F8E10029C602 /* Products */;
			projectDirPath = "";
			projectRoot = "";
			targets = (
				A37B16CD2838F8E10029C602 /* NoStoryboard */,
				A37B16E62838F8E20029C602 /* NoStoryboardTests */,
				A37B16F02838F8E20029C602 /* NoStoryboardUITests */,
			);
		};
/* End PBXProject section */

/* Begin PBXResourcesBuildPhase section */
		A37B16CC2838F8E10029C602 /* Resources */ = {
			isa = PBXResourcesBuildPhase;
			buildActionMask = 2147483647;
			files = (
				A37B16E12838F8E10029C602 /* LaunchScreen.storyboard in Resources */,
				A39CC1FC285F0BA700B86502 /* Localizable.strings in Resources */,
				A37B16DE2838F8E10029C602 /* Assets.xcassets in Resources */,
				A3F5B2DD285E81D100E07952 /* YearsDict.stringsdict in Resources */,
			);
			runOnlyForDeploymentPostprocessing = 0;
		};
		A37B16E52838F8E20029C602 /* Resources */ = {
			isa = PBXResourcesBuildPhase;
			buildActionMask = 2147483647;
			files = (
			);
			runOnlyForDeploymentPostprocessing = 0;
		};
		A37B16EF2838F8E20029C602 /* Resources */ = {
			isa = PBXResourcesBuildPhase;
			buildActionMask = 2147483647;
			files = (
			);
			runOnlyForDeploymentPostprocessing = 0;
		};
/* End PBXResourcesBuildPhase section */

/* Begin PBXShellScriptBuildPhase section */
		3E9068DF094E54F5A835F39A /* [CP] Embed Pods Frameworks */ = {
			isa = PBXShellScriptBuildPhase;
			buildActionMask = 2147483647;
			files = (
			);
			inputFileListPaths = (
				"${PODS_ROOT}/Target Support Files/Pods-NoStoryboard/Pods-NoStoryboard-frameworks-${CONFIGURATION}-input-files.xcfilelist",
			);
			name = "[CP] Embed Pods Frameworks";
			outputFileListPaths = (
				"${PODS_ROOT}/Target Support Files/Pods-NoStoryboard/Pods-NoStoryboard-frameworks-${CONFIGURATION}-output-files.xcfilelist",
			);
			runOnlyForDeploymentPostprocessing = 0;
			shellPath = /bin/sh;
			shellScript = "\"${PODS_ROOT}/Target Support Files/Pods-NoStoryboard/Pods-NoStoryboard-frameworks.sh\"\n";
			showEnvVarsInLog = 0;
		};
		A32EEFD1285FB62D00B4906E /* RSwift */ = {
			isa = PBXShellScriptBuildPhase;
			alwaysOutOfDate = 1;
			buildActionMask = 2147483647;
			files = (
			);
			inputFileListPaths = (
			);
			inputPaths = (
			);
			name = RSwift;
			outputFileListPaths = (
			);
			outputPaths = (
				$SRCROOT/R.generated.swift,
			);
			runOnlyForDeploymentPostprocessing = 0;
			shellPath = /bin/sh;
			shellScript = "\"$PODS_ROOT/R.swift/rswift\" generate \"$SRCROOT/R.generated.swift\"\n";
		};
		BEF4829ECB098C8AE7EF8E36 /* [CP] Check Pods Manifest.lock */ = {
			isa = PBXShellScriptBuildPhase;
			buildActionMask = 2147483647;
			files = (
			);
			inputFileListPaths = (
			);
			inputPaths = (
				"${PODS_PODFILE_DIR_PATH}/Podfile.lock",
				"${PODS_ROOT}/Manifest.lock",
			);
			name = "[CP] Check Pods Manifest.lock";
			outputFileListPaths = (
			);
			outputPaths = (
				"$(DERIVED_FILE_DIR)/Pods-NoStoryboard-checkManifestLockResult.txt",
			);
			runOnlyForDeploymentPostprocessing = 0;
			shellPath = /bin/sh;
			shellScript = "diff \"${PODS_PODFILE_DIR_PATH}/Podfile.lock\" \"${PODS_ROOT}/Manifest.lock\" > /dev/null\nif [ $? != 0 ] ; then\n    # print error to STDERR\n    echo \"error: The sandbox is not in sync with the Podfile.lock. Run 'pod install' or update your CocoaPods installation.\" >&2\n    exit 1\nfi\n# This output is used by Xcode 'outputs' to avoid re-running this script phase.\necho \"SUCCESS\" > \"${SCRIPT_OUTPUT_FILE_0}\"\n";
			showEnvVarsInLog = 0;
		};
/* End PBXShellScriptBuildPhase section */

/* Begin PBXSourcesBuildPhase section */
		A37B16CA2838F8E10029C602 /* Sources */ = {
			isa = PBXSourcesBuildPhase;
			buildActionMask = 2147483647;
			files = (
				608F0A2F2850FB92002596EF /* BaseViewController.swift in Sources */,
				A37B16D22838F8E10029C602 /* AppDelegate.swift in Sources */,
				608F0A0D2850F112002596EF /* Employee.swift in Sources */,
				A3C2A81B2863288900DDB1C3 /* SortingViewController.swift in Sources */,
				A37B170A28390FB70029C602 /* EmployeeListVC.swift in Sources */,
				A3ECD6EE285BD1D100DE450F /* DetailsVC.swift in Sources */,
				608F0A2A2850FAF1002596EF /* BaseView.swift in Sources */,
				A32EEFD3285FB91000B4906E /* R.generated.swift in Sources */,
				A37B170F283A78C50029C602 /* EmployeeTableViewCell.swift in Sources */,
				A32EEFDA2860E32B00B4906E /* LostInternetConnectionView.swift in Sources */,
				A3ECD6F0285BD1D700DE450F /* BirthViewCell.swift in Sources */,
				A3ECD6EF285BD1D500DE450F /* ProfileView.swift in Sources */,
				A3ECD6F1285BD1DA00DE450F /* PhoneViewCell.swift in Sources */,
				A3ECD6F3285BD21300DE450F /* ImageResizer.swift in Sources */,
				A39E84C3283D0FB200961CF5 /* ApiProvider.swift in Sources */,
				A3F9FEF7284CC4DA00090A65 /* TopTabsCollectionViewCell.swift in Sources */,
				608F0A122850F12C002596EF /* Department.swift in Sources */,
				A3C2A81D286329A800DDB1C3 /* BottomSheetSortingView.swift in Sources */,
				A37B16DC2838F8E10029C602 /* NoStoryboard.xcdatamodeld in Sources */,
				A32EEFD82860CD9700B4906E /* NetworkMonitor.swift in Sources */,
				A3F9FEF9284CC56300090A65 /* SearchTextField.swift in Sources */,
				A379511A287454E300DD9D49 /* HeaderSectionView.swift in Sources */,
				608F0A252850F8B8002596EF /* EmployeeListVCRootView.swift in Sources */,
			);
			runOnlyForDeploymentPostprocessing = 0;
		};
		A37B16E32838F8E20029C602 /* Sources */ = {
			isa = PBXSourcesBuildPhase;
			buildActionMask = 2147483647;
			files = (
				A37B16EC2838F8E20029C602 /* NoStoryboardTests.swift in Sources */,
			);
			runOnlyForDeploymentPostprocessing = 0;
		};
		A37B16ED2838F8E20029C602 /* Sources */ = {
			isa = PBXSourcesBuildPhase;
			buildActionMask = 2147483647;
			files = (
				A37B16F82838F8E20029C602 /* NoStoryboardUITestsLaunchTests.swift in Sources */,
				A37B16F62838F8E20029C602 /* NoStoryboardUITests.swift in Sources */,
			);
			runOnlyForDeploymentPostprocessing = 0;
		};
/* End PBXSourcesBuildPhase section */

/* Begin PBXTargetDependency section */
		A37B16E92838F8E20029C602 /* PBXTargetDependency */ = {
			isa = PBXTargetDependency;
			target = A37B16CD2838F8E10029C602 /* NoStoryboard */;
			targetProxy = A37B16E82838F8E20029C602 /* PBXContainerItemProxy */;
		};
		A37B16F32838F8E20029C602 /* PBXTargetDependency */ = {
			isa = PBXTargetDependency;
			target = A37B16CD2838F8E10029C602 /* NoStoryboard */;
			targetProxy = A37B16F22838F8E20029C602 /* PBXContainerItemProxy */;
		};
/* End PBXTargetDependency section */

/* Begin PBXVariantGroup section */
		A37B16DF2838F8E10029C602 /* LaunchScreen.storyboard */ = {
			isa = PBXVariantGroup;
			children = (
				A32EEFD4285FBE2B00B4906E /* ru */,
				A32EEFD6285FBE5F00B4906E /* ru */,
			);
			name = LaunchScreen.storyboard;
			sourceTree = "<group>";
		};
		A39CC1FE285F0BA700B86502 /* Localizable.strings */ = {
			isa = PBXVariantGroup;
			children = (
				A39CC1FD285F0BA700B86502 /* en */,
			);
			name = Localizable.strings;
			sourceTree = "<group>";
		};
		A3F5B2DF285E81D100E07952 /* YearsDict.stringsdict */ = {
			isa = PBXVariantGroup;
			children = (
				A3F5B2E2285E83D000E07952 /* en */,
				A32EEFD5285FBE4600B4906E /* ru */,
			);
			name = YearsDict.stringsdict;
			sourceTree = "<group>";
		};
/* End PBXVariantGroup section */

/* Begin XCBuildConfiguration section */
		A37B16F92838F8E20029C602 /* Debug */ = {
			isa = XCBuildConfiguration;
			buildSettings = {
				ALWAYS_SEARCH_USER_PATHS = NO;
				CLANG_ANALYZER_LOCALIZABILITY_NONLOCALIZED = YES;
				CLANG_ANALYZER_NONNULL = YES;
				CLANG_ANALYZER_NUMBER_OBJECT_CONVERSION = YES_AGGRESSIVE;
				CLANG_CXX_LANGUAGE_STANDARD = "gnu++17";
				CLANG_ENABLE_MODULES = YES;
				CLANG_ENABLE_OBJC_ARC = YES;
				CLANG_ENABLE_OBJC_WEAK = YES;
				CLANG_WARN_BLOCK_CAPTURE_AUTORELEASING = YES;
				CLANG_WARN_BOOL_CONVERSION = YES;
				CLANG_WARN_COMMA = YES;
				CLANG_WARN_CONSTANT_CONVERSION = YES;
				CLANG_WARN_DEPRECATED_OBJC_IMPLEMENTATIONS = YES;
				CLANG_WARN_DIRECT_OBJC_ISA_USAGE = YES_ERROR;
				CLANG_WARN_DOCUMENTATION_COMMENTS = YES;
				CLANG_WARN_EMPTY_BODY = YES;
				CLANG_WARN_ENUM_CONVERSION = YES;
				CLANG_WARN_INFINITE_RECURSION = YES;
				CLANG_WARN_INT_CONVERSION = YES;
				CLANG_WARN_NON_LITERAL_NULL_CONVERSION = YES;
				CLANG_WARN_OBJC_IMPLICIT_RETAIN_SELF = YES;
				CLANG_WARN_OBJC_LITERAL_CONVERSION = YES;
				CLANG_WARN_OBJC_ROOT_CLASS = YES_ERROR;
				CLANG_WARN_QUOTED_INCLUDE_IN_FRAMEWORK_HEADER = YES;
				CLANG_WARN_RANGE_LOOP_ANALYSIS = YES;
				CLANG_WARN_STRICT_PROTOTYPES = YES;
				CLANG_WARN_SUSPICIOUS_MOVE = YES;
				CLANG_WARN_UNGUARDED_AVAILABILITY = YES_AGGRESSIVE;
				CLANG_WARN_UNREACHABLE_CODE = YES;
				CLANG_WARN__DUPLICATE_METHOD_MATCH = YES;
				COPY_PHASE_STRIP = NO;
				DEBUG_INFORMATION_FORMAT = dwarf;
				ENABLE_STRICT_OBJC_MSGSEND = YES;
				ENABLE_TESTABILITY = YES;
				GCC_C_LANGUAGE_STANDARD = gnu11;
				GCC_DYNAMIC_NO_PIC = NO;
				GCC_NO_COMMON_BLOCKS = YES;
				GCC_OPTIMIZATION_LEVEL = 0;
				GCC_PREPROCESSOR_DEFINITIONS = (
					"DEBUG=1",
					"$(inherited)",
				);
				GCC_WARN_64_TO_32_BIT_CONVERSION = YES;
				GCC_WARN_ABOUT_RETURN_TYPE = YES_ERROR;
				GCC_WARN_UNDECLARED_SELECTOR = YES;
				GCC_WARN_UNINITIALIZED_AUTOS = YES_AGGRESSIVE;
				GCC_WARN_UNUSED_FUNCTION = YES;
				GCC_WARN_UNUSED_VARIABLE = YES;
				IPHONEOS_DEPLOYMENT_TARGET = 15.5;
				MTL_ENABLE_DEBUG_INFO = INCLUDE_SOURCE;
				MTL_FAST_MATH = YES;
				ONLY_ACTIVE_ARCH = YES;
				SDKROOT = iphoneos;
				SWIFT_ACTIVE_COMPILATION_CONDITIONS = DEBUG;
				SWIFT_OPTIMIZATION_LEVEL = "-Onone";
			};
			name = Debug;
		};
		A37B16FA2838F8E20029C602 /* Release */ = {
			isa = XCBuildConfiguration;
			buildSettings = {
				ALWAYS_SEARCH_USER_PATHS = NO;
				CLANG_ANALYZER_LOCALIZABILITY_NONLOCALIZED = YES;
				CLANG_ANALYZER_NONNULL = YES;
				CLANG_ANALYZER_NUMBER_OBJECT_CONVERSION = YES_AGGRESSIVE;
				CLANG_CXX_LANGUAGE_STANDARD = "gnu++17";
				CLANG_ENABLE_MODULES = YES;
				CLANG_ENABLE_OBJC_ARC = YES;
				CLANG_ENABLE_OBJC_WEAK = YES;
				CLANG_WARN_BLOCK_CAPTURE_AUTORELEASING = YES;
				CLANG_WARN_BOOL_CONVERSION = YES;
				CLANG_WARN_COMMA = YES;
				CLANG_WARN_CONSTANT_CONVERSION = YES;
				CLANG_WARN_DEPRECATED_OBJC_IMPLEMENTATIONS = YES;
				CLANG_WARN_DIRECT_OBJC_ISA_USAGE = YES_ERROR;
				CLANG_WARN_DOCUMENTATION_COMMENTS = YES;
				CLANG_WARN_EMPTY_BODY = YES;
				CLANG_WARN_ENUM_CONVERSION = YES;
				CLANG_WARN_INFINITE_RECURSION = YES;
				CLANG_WARN_INT_CONVERSION = YES;
				CLANG_WARN_NON_LITERAL_NULL_CONVERSION = YES;
				CLANG_WARN_OBJC_IMPLICIT_RETAIN_SELF = YES;
				CLANG_WARN_OBJC_LITERAL_CONVERSION = YES;
				CLANG_WARN_OBJC_ROOT_CLASS = YES_ERROR;
				CLANG_WARN_QUOTED_INCLUDE_IN_FRAMEWORK_HEADER = YES;
				CLANG_WARN_RANGE_LOOP_ANALYSIS = YES;
				CLANG_WARN_STRICT_PROTOTYPES = YES;
				CLANG_WARN_SUSPICIOUS_MOVE = YES;
				CLANG_WARN_UNGUARDED_AVAILABILITY = YES_AGGRESSIVE;
				CLANG_WARN_UNREACHABLE_CODE = YES;
				CLANG_WARN__DUPLICATE_METHOD_MATCH = YES;
				COPY_PHASE_STRIP = NO;
				DEBUG_INFORMATION_FORMAT = "dwarf-with-dsym";
				ENABLE_NS_ASSERTIONS = NO;
				ENABLE_STRICT_OBJC_MSGSEND = YES;
				GCC_C_LANGUAGE_STANDARD = gnu11;
				GCC_NO_COMMON_BLOCKS = YES;
				GCC_WARN_64_TO_32_BIT_CONVERSION = YES;
				GCC_WARN_ABOUT_RETURN_TYPE = YES_ERROR;
				GCC_WARN_UNDECLARED_SELECTOR = YES;
				GCC_WARN_UNINITIALIZED_AUTOS = YES_AGGRESSIVE;
				GCC_WARN_UNUSED_FUNCTION = YES;
				GCC_WARN_UNUSED_VARIABLE = YES;
				IPHONEOS_DEPLOYMENT_TARGET = 15.5;
				MTL_ENABLE_DEBUG_INFO = NO;
				MTL_FAST_MATH = YES;
				SDKROOT = iphoneos;
				SWIFT_COMPILATION_MODE = wholemodule;
				SWIFT_OPTIMIZATION_LEVEL = "-O";
				VALIDATE_PRODUCT = YES;
			};
			name = Release;
		};
		A37B16FC2838F8E20029C602 /* Debug */ = {
			isa = XCBuildConfiguration;
			baseConfigurationReference = 8F47A389F7A4F8AD94977CB5 /* Pods-NoStoryboard.debug.xcconfig */;
			buildSettings = {
				ASSETCATALOG_COMPILER_APPICON_NAME = AppIcon;
				ASSETCATALOG_COMPILER_GLOBAL_ACCENT_COLOR_NAME = AccentColor;
				CODE_SIGN_STYLE = Automatic;
				CURRENT_PROJECT_VERSION = 1;
				GENERATE_INFOPLIST_FILE = YES;
				INFOPLIST_FILE = NoStoryboard/Info.plist;
				INFOPLIST_KEY_UIApplicationSupportsIndirectInputEvents = YES;
				INFOPLIST_KEY_UILaunchStoryboardName = LaunchScreen;
				INFOPLIST_KEY_UISupportedInterfaceOrientations = "UIInterfaceOrientationPortrait UIInterfaceOrientationLandscapeLeft UIInterfaceOrientationLandscapeRight";
				INFOPLIST_KEY_UISupportedInterfaceOrientations_iPad = "UIInterfaceOrientationPortrait UIInterfaceOrientationPortraitUpsideDown UIInterfaceOrientationLandscapeLeft UIInterfaceOrientationLandscapeRight";
				INFOPLIST_KEY_UISupportedInterfaceOrientations_iPhone = "UIInterfaceOrientationPortrait UIInterfaceOrientationLandscapeLeft UIInterfaceOrientationLandscapeRight";
				IPHONEOS_DEPLOYMENT_TARGET = 13.0;
				LD_RUNPATH_SEARCH_PATHS = (
					"$(inherited)",
					"@executable_path/Frameworks",
				);
				MARKETING_VERSION = 1.0;
				PRODUCT_BUNDLE_IDENTIFIER = com.obiivion.NoStoryboard;
				PRODUCT_NAME = "$(TARGET_NAME)";
				SWIFT_EMIT_LOC_STRINGS = YES;
				SWIFT_VERSION = 5.0;
				TARGETED_DEVICE_FAMILY = 1;
			};
			name = Debug;
		};
		A37B16FD2838F8E20029C602 /* Release */ = {
			isa = XCBuildConfiguration;
			baseConfigurationReference = 38834204954DA6162A699A37 /* Pods-NoStoryboard.release.xcconfig */;
			buildSettings = {
				ASSETCATALOG_COMPILER_APPICON_NAME = AppIcon;
				ASSETCATALOG_COMPILER_GLOBAL_ACCENT_COLOR_NAME = AccentColor;
				CODE_SIGN_STYLE = Automatic;
				CURRENT_PROJECT_VERSION = 1;
				GENERATE_INFOPLIST_FILE = YES;
				INFOPLIST_FILE = NoStoryboard/Info.plist;
				INFOPLIST_KEY_UIApplicationSupportsIndirectInputEvents = YES;
				INFOPLIST_KEY_UILaunchStoryboardName = LaunchScreen;
				INFOPLIST_KEY_UISupportedInterfaceOrientations = "UIInterfaceOrientationPortrait UIInterfaceOrientationLandscapeLeft UIInterfaceOrientationLandscapeRight";
				INFOPLIST_KEY_UISupportedInterfaceOrientations_iPad = "UIInterfaceOrientationPortrait UIInterfaceOrientationPortraitUpsideDown UIInterfaceOrientationLandscapeLeft UIInterfaceOrientationLandscapeRight";
				INFOPLIST_KEY_UISupportedInterfaceOrientations_iPhone = "UIInterfaceOrientationPortrait UIInterfaceOrientationLandscapeLeft UIInterfaceOrientationLandscapeRight";
				IPHONEOS_DEPLOYMENT_TARGET = 13.0;
				LD_RUNPATH_SEARCH_PATHS = (
					"$(inherited)",
					"@executable_path/Frameworks",
				);
				MARKETING_VERSION = 1.0;
				PRODUCT_BUNDLE_IDENTIFIER = com.obiivion.NoStoryboard;
				PRODUCT_NAME = "$(TARGET_NAME)";
				SWIFT_EMIT_LOC_STRINGS = YES;
				SWIFT_VERSION = 5.0;
				TARGETED_DEVICE_FAMILY = 1;
			};
			name = Release;
		};
		A37B16FF2838F8E20029C602 /* Debug */ = {
			isa = XCBuildConfiguration;
			buildSettings = {
				ALWAYS_EMBED_SWIFT_STANDARD_LIBRARIES = YES;
				BUNDLE_LOADER = "$(TEST_HOST)";
				CODE_SIGN_STYLE = Automatic;
				CURRENT_PROJECT_VERSION = 1;
				GENERATE_INFOPLIST_FILE = YES;
				IPHONEOS_DEPLOYMENT_TARGET = 15.5;
				MARKETING_VERSION = 1.0;
				PRODUCT_BUNDLE_IDENTIFIER = com.obiivion.NoStoryboardTests;
				PRODUCT_NAME = "$(TARGET_NAME)";
				SWIFT_EMIT_LOC_STRINGS = NO;
				SWIFT_VERSION = 5.0;
				TARGETED_DEVICE_FAMILY = "1,2";
				TEST_HOST = "$(BUILT_PRODUCTS_DIR)/NoStoryboard.app/NoStoryboard";
			};
			name = Debug;
		};
		A37B17002838F8E20029C602 /* Release */ = {
			isa = XCBuildConfiguration;
			buildSettings = {
				ALWAYS_EMBED_SWIFT_STANDARD_LIBRARIES = YES;
				BUNDLE_LOADER = "$(TEST_HOST)";
				CODE_SIGN_STYLE = Automatic;
				CURRENT_PROJECT_VERSION = 1;
				GENERATE_INFOPLIST_FILE = YES;
				IPHONEOS_DEPLOYMENT_TARGET = 15.5;
				MARKETING_VERSION = 1.0;
				PRODUCT_BUNDLE_IDENTIFIER = com.obiivion.NoStoryboardTests;
				PRODUCT_NAME = "$(TARGET_NAME)";
				SWIFT_EMIT_LOC_STRINGS = NO;
				SWIFT_VERSION = 5.0;
				TARGETED_DEVICE_FAMILY = "1,2";
				TEST_HOST = "$(BUILT_PRODUCTS_DIR)/NoStoryboard.app/NoStoryboard";
			};
			name = Release;
		};
		A37B17022838F8E20029C602 /* Debug */ = {
			isa = XCBuildConfiguration;
			buildSettings = {
				ALWAYS_EMBED_SWIFT_STANDARD_LIBRARIES = YES;
				CODE_SIGN_STYLE = Automatic;
				CURRENT_PROJECT_VERSION = 1;
				GENERATE_INFOPLIST_FILE = YES;
				MARKETING_VERSION = 1.0;
				PRODUCT_BUNDLE_IDENTIFIER = com.obiivion.NoStoryboardUITests;
				PRODUCT_NAME = "$(TARGET_NAME)";
				SWIFT_EMIT_LOC_STRINGS = NO;
				SWIFT_VERSION = 5.0;
				TARGETED_DEVICE_FAMILY = "1,2";
				TEST_TARGET_NAME = NoStoryboard;
			};
			name = Debug;
		};
		A37B17032838F8E20029C602 /* Release */ = {
			isa = XCBuildConfiguration;
			buildSettings = {
				ALWAYS_EMBED_SWIFT_STANDARD_LIBRARIES = YES;
				CODE_SIGN_STYLE = Automatic;
				CURRENT_PROJECT_VERSION = 1;
				GENERATE_INFOPLIST_FILE = YES;
				MARKETING_VERSION = 1.0;
				PRODUCT_BUNDLE_IDENTIFIER = com.obiivion.NoStoryboardUITests;
				PRODUCT_NAME = "$(TARGET_NAME)";
				SWIFT_EMIT_LOC_STRINGS = NO;
				SWIFT_VERSION = 5.0;
				TARGETED_DEVICE_FAMILY = "1,2";
				TEST_TARGET_NAME = NoStoryboard;
			};
			name = Release;
		};
/* End XCBuildConfiguration section */

/* Begin XCConfigurationList section */
		A37B16C92838F8E10029C602 /* Build configuration list for PBXProject "NoStoryboard" */ = {
			isa = XCConfigurationList;
			buildConfigurations = (
				A37B16F92838F8E20029C602 /* Debug */,
				A37B16FA2838F8E20029C602 /* Release */,
			);
			defaultConfigurationIsVisible = 0;
			defaultConfigurationName = Release;
		};
		A37B16FB2838F8E20029C602 /* Build configuration list for PBXNativeTarget "NoStoryboard" */ = {
			isa = XCConfigurationList;
			buildConfigurations = (
				A37B16FC2838F8E20029C602 /* Debug */,
				A37B16FD2838F8E20029C602 /* Release */,
			);
			defaultConfigurationIsVisible = 0;
			defaultConfigurationName = Release;
		};
		A37B16FE2838F8E20029C602 /* Build configuration list for PBXNativeTarget "NoStoryboardTests" */ = {
			isa = XCConfigurationList;
			buildConfigurations = (
				A37B16FF2838F8E20029C602 /* Debug */,
				A37B17002838F8E20029C602 /* Release */,
			);
			defaultConfigurationIsVisible = 0;
			defaultConfigurationName = Release;
		};
		A37B17012838F8E20029C602 /* Build configuration list for PBXNativeTarget "NoStoryboardUITests" */ = {
			isa = XCConfigurationList;
			buildConfigurations = (
				A37B17022838F8E20029C602 /* Debug */,
				A37B17032838F8E20029C602 /* Release */,
			);
			defaultConfigurationIsVisible = 0;
			defaultConfigurationName = Release;
		};
/* End XCConfigurationList section */

/* Begin XCVersionGroup section */
		A37B16DA2838F8E10029C602 /* NoStoryboard.xcdatamodeld */ = {
			isa = XCVersionGroup;
			children = (
				A37B16DB2838F8E10029C602 /* NoStoryboard.xcdatamodel */,
			);
			currentVersion = A37B16DB2838F8E10029C602 /* NoStoryboard.xcdatamodel */;
			path = NoStoryboard.xcdatamodeld;
			sourceTree = "<group>";
			versionGroupType = wrapper.xcdatamodel;
		};
/* End XCVersionGroup section */
	};
	rootObject = A37B16C62838F8E10029C602 /* Project object */;
}
